
Microsoft Visual Studio Solution File, Format Version 11.00
# Visual Studio 2010
Project("{FAE04EC0-301F-11D3-BF4B-00C04F79EFBC}") = "Spreadsheet", "Spreadsheet\Spreadsheet.csproj", "{FE0F0BF1-BD74-4038-98C5-958972174D62}"
EndProject
Project("{2150E333-8FDC-42A3-9474-1A3956D46DE8}") = "Solution Items", "Solution Items", "{89A2C93D-9640-40AA-A399-B0A3F18438EC}"
	ProjectSection(SolutionItems) = preProject
		demo.ss = demo.ss
		Formula.dll = Formula.dll
		Formula.XML = Formula.XML
		Local.testsettings = Local.testsettings
		PS4.vsmdi = PS4.vsmdi
		SpreadsheetPanel.dll = SpreadsheetPanel.dll
		SpreadsheetPanel.XML = SpreadsheetPanel.XML
		SpreadsheetUtilities.dll = SpreadsheetUtilities.dll
		SpreadsheetUtilities.XML = SpreadsheetUtilities.XML
		TraceAndTestImpact.testsettings = TraceAndTestImpact.testsettings
	EndProjectSection
EndProject
Project("{FAE04EC0-301F-11D3-BF4B-00C04F79EFBC}") = "TestProject1", "TestProject1\TestProject1.csproj", "{836DCB2B-8745-4254-A4B2-223B428CF667}"
EndProject
Project("{FAE04EC0-301F-11D3-BF4B-00C04F79EFBC}") = "ConsoleTesting", "ConsoleTesting\ConsoleTesting.csproj", "{93D274DC-D62B-4803-B600-7E23ECB55F99}"
EndProject
Project("{FAE04EC0-301F-11D3-BF4B-00C04F79EFBC}") = "ps5 NewTest", "ps5 NewTest\ps5 NewTest.csproj", "{72DFCC99-F791-465E-BAE2-A76D3BA75C6F}"
EndProject
Project("{FAE04EC0-301F-11D3-BF4B-00C04F79EFBC}") = "SpreadsheetGUI", "SpreadsheetGUI\SpreadsheetGUI.csproj", "{2E8AFC5D-3B05-4C55-A84C-8602151B280C}"
EndProject
Global
	GlobalSection(SubversionScc) = preSolution
		Svn-Managed = True
		Manager = AnkhSVN - Subversion Support for Visual Studio
	EndGlobalSection
	GlobalSection(TestCaseManagementSettings) = postSolution
		CategoryFile = PS4.vsmdi
	EndGlobalSection
	GlobalSection(SolutionConfigurationPlatforms) = preSolution
		Debug|Any CPU = Debug|Any CPU
		Debug|Mixed Platforms = Debug|Mixed Platforms
		Debug|x86 = Debug|x86
		Release|Any CPU = Release|Any CPU
		Release|Mixed Platforms = Release|Mixed Platforms
		Release|x86 = Release|x86
	EndGlobalSection
	GlobalSection(ProjectConfigurationPlatforms) = postSolution
		{FE0F0BF1-BD74-4038-98C5-958972174D62}.Debug|Any CPU.ActiveCfg = Debug|Any CPU
		{FE0F0BF1-BD74-4038-98C5-958972174D62}.Debug|Any CPU.Build.0 = Debug|Any CPU
		{FE0F0BF1-BD74-4038-98C5-958972174D62}.Debug|Mixed Platforms.ActiveCfg = Debug|Any CPU
		{FE0F0BF1-BD74-4038-98C5-958972174D62}.Debug|Mixed Platforms.Build.0 = Debug|Any CPU
		{FE0F0BF1-BD74-4038-98C5-958972174D62}.Debug|x86.ActiveCfg = Debug|Any CPU
		{FE0F0BF1-BD74-4038-98C5-958972174D62}.Release|Any CPU.ActiveCfg = Release|Any CPU
		{FE0F0BF1-BD74-4038-98C5-958972174D62}.Release|Any CPU.Build.0 = Release|Any CPU
		{FE0F0BF1-BD74-4038-98C5-958972174D62}.Release|Mixed Platforms.ActiveCfg = Release|Any CPU
		{FE0F0BF1-BD74-4038-98C5-958972174D62}.Release|Mixed Platforms.Build.0 = Release|Any CPU
		{FE0F0BF1-BD74-4038-98C5-958972174D62}.Release|x86.ActiveCfg = Release|Any CPU
		{836DCB2B-8745-4254-A4B2-223B428CF667}.Debug|Any CPU.ActiveCfg = Debug|Any CPU
		{836DCB2B-8745-4254-A4B2-223B428CF667}.Debug|Any CPU.Build.0 = Debug|Any CPU
		{836DCB2B-8745-4254-A4B2-223B428CF667}.Debug|Mixed Platforms.ActiveCfg = Debug|Any CPU
		{836DCB2B-8745-4254-A4B2-223B428CF667}.Debug|x86.ActiveCfg = Debug|Any CPU
		{836DCB2B-8745-4254-A4B2-223B428CF667}.Release|Any CPU.ActiveCfg = Release|Any CPU
		{836DCB2B-8745-4254-A4B2-223B428CF667}.Release|Any CPU.Build.0 = Release|Any CPU
		{836DCB2B-8745-4254-A4B2-223B428CF667}.Release|Mixed Platforms.ActiveCfg = Release|Any CPU
		{836DCB2B-8745-4254-A4B2-223B428CF667}.Release|Mixed Platforms.Build.0 = Release|Any CPU
		{836DCB2B-8745-4254-A4B2-223B428CF667}.Release|x86.ActiveCfg = Release|Any CPU
		{93D274DC-D62B-4803-B600-7E23ECB55F99}.Debug|Any CPU.ActiveCfg = Debug|x86
		{93D274DC-D62B-4803-B600-7E23ECB55F99}.Debug|Mixed Platforms.ActiveCfg = Debug|x86
		{93D274DC-D62B-4803-B600-7E23ECB55F99}.Debug|Mixed Platforms.Build.0 = Debug|x86
		{93D274DC-D62B-4803-B600-7E23ECB55F99}.Debug|x86.ActiveCfg = Debug|x86
		{93D274DC-D62B-4803-B600-7E23ECB55F99}.Debug|x86.Build.0 = Debug|x86
		{93D274DC-D62B-4803-B600-7E23ECB55F99}.Release|Any CPU.ActiveCfg = Release|x86
		{93D274DC-D62B-4803-B600-7E23ECB55F99}.Release|Mixed Platforms.ActiveCfg = Release|x86
		{93D274DC-D62B-4803-B600-7E23ECB55F99}.Release|Mixed Platforms.Build.0 = Release|x86
		{93D274DC-D62B-4803-B600-7E23ECB55F99}.Release|x86.ActiveCfg = Release|x86
		{93D274DC-D62B-4803-B600-7E23ECB55F99}.Release|x86.Build.0 = Release|x86
		{72DFCC99-F791-465E-BAE2-A76D3BA75C6F}.Debug|Any CPU.ActiveCfg = Debug|Any CPU
		{72DFCC99-F791-465E-BAE2-A76D3BA75C6F}.Debug|Any CPU.Build.0 = Debug|Any CPU
		{72DFCC99-F791-465E-BAE2-A76D3BA75C6F}.Debug|Mixed Platforms.ActiveCfg = Debug|Any CPU
		{72DFCC99-F791-465E-BAE2-A76D3BA75C6F}.Debug|Mixed Platforms.Build.0 = Debug|Any CPU
		{72DFCC99-F791-465E-BAE2-A76D3BA75C6F}.Debug|x86.ActiveCfg = Debug|Any CPU
		{72DFCC99-F791-465E-BAE2-A76D3BA75C6F}.Release|Any CPU.ActiveCfg = Release|Any CPU
		{72DFCC99-F791-465E-BAE2-A76D3BA75C6F}.Release|Any CPU.Build.0 = Release|Any CPU
		{72DFCC99-F791-465E-BAE2-A76D3BA75C6F}.Release|Mixed Platforms.ActiveCfg = Release|Any CPU
		{72DFCC99-F791-465E-BAE2-A76D3BA75C6F}.Release|Mixed Platforms.Build.0 = Release|Any CPU
		{72DFCC99-F791-465E-BAE2-A76D3BA75C6F}.Release|x86.ActiveCfg = Release|Any CPU
		{2E8AFC5D-3B05-4C55-A84C-8602151B280C}.Debug|Any CPU.ActiveCfg = Debug|x86
		{2E8AFC5D-3B05-4C55-A84C-8602151B280C}.Debug|Mixed Platforms.ActiveCfg = Debug|x86
		{2E8AFC5D-3B05-4C55-A84C-8602151B280C}.Debug|Mixed Platforms.Build.0 = Debug|x86
		{2E8AFC5D-3B05-4C55-A84C-8602151B280C}.Debug|x86.ActiveCfg = Debug|x86
		{2E8AFC5D-3B05-4C55-A84C-8602151B280C}.Debug|x86.Build.0 = Debug|x86
		{2E8AFC5D-3B05-4C55-A84C-8602151B280C}.Release|Any CPU.ActiveCfg = Release|x86
		{2E8AFC5D-3B05-4C55-A84C-8602151B280C}.Release|Mixed Platforms.ActiveCfg = Release|x86
		{2E8AFC5D-3B05-4C55-A84C-8602151B280C}.Release|Mixed Platforms.Build.0 = Release|x86
		{2E8AFC5D-3B05-4C55-A84C-8602151B280C}.Release|x86.ActiveCfg = Release|x86
		{2E8AFC5D-3B05-4C55-A84C-8602151B280C}.Release|x86.Build.0 = Release|x86
	EndGlobalSection
	GlobalSection(SolutionProperties) = preSolution
		HideSolutionNode = FALSE
	EndGlobalSection
EndGlobal
